
Microsoft Visual Studio Solution File, Format Version 12.00
# Visual Studio 15
VisualStudioVersion = 15.0.26124.0
MinimumVisualStudioVersion = 15.0.26124.0
Project("{FAE04EC0-301F-11D3-BF4B-00C04F79EFBC}") = "API", "API\API.csproj", "{9FBEDCDD-60EC-474F-ABCF-64FFBCC74AF2}"
EndProject
Project("{FAE04EC0-301F-11D3-BF4B-00C04F79EFBC}") = "Core", "Core\Core.csproj", "{66A6E901-9673-4B64-8F3A-439531E4F6B6}"
EndProject
Project("{FAE04EC0-301F-11D3-BF4B-00C04F79EFBC}") = "Infrastructure", "Infrastructure\Infrastructure.csproj", "{34B7A0D2-09EC-4FE5-B9FB-88BA337DD060}"
EndProject
Global
	GlobalSection(SolutionConfigurationPlatforms) = preSolution
		Debug|Any CPU = Debug|Any CPU
		Debug|x64 = Debug|x64
		Debug|x86 = Debug|x86
		Release|Any CPU = Release|Any CPU
		Release|x64 = Release|x64
		Release|x86 = Release|x86
	EndGlobalSection
	GlobalSection(SolutionProperties) = preSolution
		HideSolutionNode = FALSE
	EndGlobalSection
	GlobalSection(ProjectConfigurationPlatforms) = postSolution
		{9FBEDCDD-60EC-474F-ABCF-64FFBCC74AF2}.Debug|Any CPU.ActiveCfg = Debug|Any CPU
		{9FBEDCDD-60EC-474F-ABCF-64FFBCC74AF2}.Debug|Any CPU.Build.0 = Debug|Any CPU
		{9FBEDCDD-60EC-474F-ABCF-64FFBCC74AF2}.Debug|x64.ActiveCfg = Debug|Any CPU
		{9FBEDCDD-60EC-474F-ABCF-64FFBCC74AF2}.Debug|x64.Build.0 = Debug|Any CPU
		{9FBEDCDD-60EC-474F-ABCF-64FFBCC74AF2}.Debug|x86.ActiveCfg = Debug|Any CPU
		{9FBEDCDD-60EC-474F-ABCF-64FFBCC74AF2}.Debug|x86.Build.0 = Debug|Any CPU
		{9FBEDCDD-60EC-474F-ABCF-64FFBCC74AF2}.Release|Any CPU.ActiveCfg = Release|Any CPU
		{9FBEDCDD-60EC-474F-ABCF-64FFBCC74AF2}.Release|Any CPU.Build.0 = Release|Any CPU
		{9FBEDCDD-60EC-474F-ABCF-64FFBCC74AF2}.Release|x64.ActiveCfg = Release|Any CPU
		{9FBEDCDD-60EC-474F-ABCF-64FFBCC74AF2}.Release|x64.Build.0 = Release|Any CPU
		{9FBEDCDD-60EC-474F-ABCF-64FFBCC74AF2}.Release|x86.ActiveCfg = Release|Any CPU
		{9FBEDCDD-60EC-474F-ABCF-64FFBCC74AF2}.Release|x86.Build.0 = Release|Any CPU
		{66A6E901-9673-4B64-8F3A-439531E4F6B6}.Debug|Any CPU.ActiveCfg = Debug|Any CPU
		{66A6E901-9673-4B64-8F3A-439531E4F6B6}.Debug|Any CPU.Build.0 = Debug|Any CPU
		{66A6E901-9673-4B64-8F3A-439531E4F6B6}.Debug|x64.ActiveCfg = Debug|Any CPU
		{66A6E901-9673-4B64-8F3A-439531E4F6B6}.Debug|x64.Build.0 = Debug|Any CPU
		{66A6E901-9673-4B64-8F3A-439531E4F6B6}.Debug|x86.ActiveCfg = Debug|Any CPU
		{66A6E901-9673-4B64-8F3A-439531E4F6B6}.Debug|x86.Build.0 = Debug|Any CPU
		{66A6E901-9673-4B64-8F3A-439531E4F6B6}.Release|Any CPU.ActiveCfg = Release|Any CPU
		{66A6E901-9673-4B64-8F3A-439531E4F6B6}.Release|Any CPU.Build.0 = Release|Any CPU
		{66A6E901-9673-4B64-8F3A-439531E4F6B6}.Release|x64.ActiveCfg = Release|Any CPU
		{66A6E901-9673-4B64-8F3A-439531E4F6B6}.Release|x64.Build.0 = Release|Any CPU
		{66A6E901-9673-4B64-8F3A-439531E4F6B6}.Release|x86.ActiveCfg = Release|Any CPU
		{66A6E901-9673-4B64-8F3A-439531E4F6B6}.Release|x86.Build.0 = Release|Any CPU
		{34B7A0D2-09EC-4FE5-B9FB-88BA337DD060}.Debug|Any CPU.ActiveCfg = Debug|Any CPU
		{34B7A0D2-09EC-4FE5-B9FB-88BA337DD060}.Debug|Any CPU.Build.0 = Debug|Any CPU
		{34B7A0D2-09EC-4FE5-B9FB-88BA337DD060}.Debug|x64.ActiveCfg = Debug|Any CPU
		{34B7A0D2-09EC-4FE5-B9FB-88BA337DD060}.Debug|x64.Build.0 = Debug|Any CPU
		{34B7A0D2-09EC-4FE5-B9FB-88BA337DD060}.Debug|x86.ActiveCfg = Debug|Any CPU
		{34B7A0D2-09EC-4FE5-B9FB-88BA337DD060}.Debug|x86.Build.0 = Debug|Any CPU
		{34B7A0D2-09EC-4FE5-B9FB-88BA337DD060}.Release|Any CPU.ActiveCfg = Release|Any CPU
		{34B7A0D2-09EC-4FE5-B9FB-88BA337DD060}.Release|Any CPU.Build.0 = Release|Any CPU
		{34B7A0D2-09EC-4FE5-B9FB-88BA337DD060}.Release|x64.ActiveCfg = Release|Any CPU
		{34B7A0D2-09EC-4FE5-B9FB-88BA337DD060}.Release|x64.Build.0 = Release|Any CPU
		{34B7A0D2-09EC-4FE5-B9FB-88BA337DD060}.Release|x86.ActiveCfg = Release|Any CPU
		{34B7A0D2-09EC-4FE5-B9FB-88BA337DD060}.Release|x86.Build.0 = Release|Any CPU
	EndGlobalSection
EndGlobal
